
Microsoft Visual Studio Solution File, Format Version 12.00
# Visual Studio 15
VisualStudioVersion = 15.0.28307.572
MinimumVisualStudioVersion = 10.0.40219.1
Project("{FAE04EC0-301F-11D3-BF4B-00C04F79EFBC}") = "Client-Server", "Client-Server\Client-Server.csproj", "{8D4C0AAD-FF27-4982-8BB8-05FB8CF67E39}"
EndProject
Global
	GlobalSection(SolutionConfigurationPlatforms) = preSolution
		Debug|Any CPU = Debug|Any CPU
		Release|Any CPU = Release|Any CPU
	EndGlobalSection
	GlobalSection(ProjectConfigurationPlatforms) = postSolution
		{8D4C0AAD-FF27-4982-8BB8-05FB8CF67E39}.Debug|Any CPU.ActiveCfg = Debug|Any CPU
		{8D4C0AAD-FF27-4982-8BB8-05FB8CF67E39}.Debug|Any CPU.Build.0 = Debug|Any CPU
		{8D4C0AAD-FF27-4982-8BB8-05FB8CF67E39}.Release|Any CPU.ActiveCfg = Release|Any CPU
		{8D4C0AAD-FF27-4982-8BB8-05FB8CF67E39}.Release|Any CPU.Build.0 = Release|Any CPU
	EndGlobalSection
	GlobalSection(SolutionProperties) = preSolution
		HideSolutionNode = FALSE
	EndGlobalSection
	GlobalSection(ExtensibilityGlobals) = postSolution
		SolutionGuid = {F34624A3-AC8E-4BD4-8B8F-4F17840F9427}
	EndGlobalSection
EndGlobal
